
Microsoft Visual Studio Solution File, Format Version 12.00
# Visual Studio Version 17
VisualStudioVersion = 17.7.34221.43
MinimumVisualStudioVersion = 10.0.40219.1
Project("{FAE04EC0-301F-11D3-BF4B-00C04F79EFBC}") = "ConsoleApp1", "ConsoleApp1\ConsoleApp1.csproj", "{12BA59A8-77D1-41B7-AB4B-D71840DA8CDD}"
EndProject
Global
	GlobalSection(SolutionConfigurationPlatforms) = preSolution
		Debug|Any CPU = Debug|Any CPU
		Release|Any CPU = Release|Any CPU
	EndGlobalSection
	GlobalSection(ProjectConfigurationPlatforms) = postSolution
		{12BA59A8-77D1-41B7-AB4B-D71840DA8CDD}.Debug|Any CPU.ActiveCfg = Debug|Any CPU
		{12BA59A8-77D1-41B7-AB4B-D71840DA8CDD}.Debug|Any CPU.Build.0 = Debug|Any CPU
		{12BA59A8-77D1-41B7-AB4B-D71840DA8CDD}.Release|Any CPU.ActiveCfg = Release|Any CPU
		{12BA59A8-77D1-41B7-AB4B-D71840DA8CDD}.Release|Any CPU.Build.0 = Release|Any CPU
	EndGlobalSection
	GlobalSection(SolutionProperties) = preSolution
		HideSolutionNode = FALSE
	EndGlobalSection
	GlobalSection(ExtensibilityGlobals) = postSolution
		SolutionGuid = {D9D8D265-DE85-49E3-8B44-AF59C21E47CA}
	EndGlobalSection
EndGlobal
